
Microsoft Visual Studio Solution File, Format Version 12.00
# Visual Studio Version 16
VisualStudioVersion = 16.0.31410.357
MinimumVisualStudioVersion = 10.0.40219.1
Project("{9A19103F-16F7-4668-BE54-9A1E7A4F7556}") = "Test", "Test\Test.csproj", "{FAEF4636-972A-4B77-AE46-841ED94C2A04}"
EndProject
Project("{FAE04EC0-301F-11D3-BF4B-00C04F79EFBC}") = "Common", "Common\Common.csproj", "{2223EF25-7D8C-40BE-AC54-7C154056EAFF}"
EndProject
Global
	GlobalSection(SolutionConfigurationPlatforms) = preSolution
		Debug|Any CPU = Debug|Any CPU
		Release|Any CPU = Release|Any CPU
	EndGlobalSection
	GlobalSection(ProjectConfigurationPlatforms) = postSolution
		{FAEF4636-972A-4B77-AE46-841ED94C2A04}.Debug|Any CPU.ActiveCfg = Debug|Any CPU
		{FAEF4636-972A-4B77-AE46-841ED94C2A04}.Debug|Any CPU.Build.0 = Debug|Any CPU
		{FAEF4636-972A-4B77-AE46-841ED94C2A04}.Release|Any CPU.ActiveCfg = Release|Any CPU
		{FAEF4636-972A-4B77-AE46-841ED94C2A04}.Release|Any CPU.Build.0 = Release|Any CPU
		{2223EF25-7D8C-40BE-AC54-7C154056EAFF}.Debug|Any CPU.ActiveCfg = Debug|Any CPU
		{2223EF25-7D8C-40BE-AC54-7C154056EAFF}.Debug|Any CPU.Build.0 = Debug|Any CPU
		{2223EF25-7D8C-40BE-AC54-7C154056EAFF}.Release|Any CPU.ActiveCfg = Release|Any CPU
		{2223EF25-7D8C-40BE-AC54-7C154056EAFF}.Release|Any CPU.Build.0 = Release|Any CPU
	EndGlobalSection
	GlobalSection(SolutionProperties) = preSolution
		HideSolutionNode = FALSE
	EndGlobalSection
	GlobalSection(ExtensibilityGlobals) = postSolution
		SolutionGuid = {0853C86B-2573-4C0D-8013-CF962163E87A}
	EndGlobalSection
EndGlobal
